<Solution>
  <Folder Name="/others/">
    <File Path=".editorconfig" />
    <File Path=".gitattributes" />
    <File Path=".gitignore" />
    <File Path="README.md" />
    <File Path="compose.yml" />
    <File Path=".env" />
  </Folder>
  <Project Path="WebApi\WebApi.csproj" Type="Classic C#" />
  <Project Path="Specialists_DB/Specialists_DB.csproj" />
</Solution>